
Microsoft Visual Studio Solution File, Format Version 12.00
# Visual Studio 2013
VisualStudioVersion = 12.0.31101.0
MinimumVisualStudioVersion = 10.0.40219.1
Project("{FAE04EC0-301F-11D3-BF4B-00C04F79EFBC}") = "MovePrototype", "MovePrototype.csproj", "{D9D5CE2D-98A8-4320-A0E9-BF24B4D73F9E}"
EndProject
Project("{FAE04EC0-301F-11D3-BF4B-00C04F79EFBC}") = "elevatorAction", "..\elevatorAction\elevatorAction.csproj", "{9AA7EF61-845D-49CC-B30A-E49DCCF68B5E}"
EndProject
Global
	GlobalSection(SolutionConfigurationPlatforms) = preSolution
		Debug|x86 = Debug|x86
		Release|x86 = Release|x86
	EndGlobalSection
	GlobalSection(ProjectConfigurationPlatforms) = postSolution
		{D9D5CE2D-98A8-4320-A0E9-BF24B4D73F9E}.Debug|x86.ActiveCfg = Debug|x86
		{D9D5CE2D-98A8-4320-A0E9-BF24B4D73F9E}.Debug|x86.Build.0 = Debug|x86
		{D9D5CE2D-98A8-4320-A0E9-BF24B4D73F9E}.Release|x86.ActiveCfg = Release|x86
		{D9D5CE2D-98A8-4320-A0E9-BF24B4D73F9E}.Release|x86.Build.0 = Release|x86
		{9AA7EF61-845D-49CC-B30A-E49DCCF68B5E}.Debug|x86.ActiveCfg = Debug|x86
		{9AA7EF61-845D-49CC-B30A-E49DCCF68B5E}.Debug|x86.Build.0 = Debug|x86
		{9AA7EF61-845D-49CC-B30A-E49DCCF68B5E}.Release|x86.ActiveCfg = Release|x86
		{9AA7EF61-845D-49CC-B30A-E49DCCF68B5E}.Release|x86.Build.0 = Release|x86
	EndGlobalSection
	GlobalSection(SolutionProperties) = preSolution
		HideSolutionNode = FALSE
	EndGlobalSection
EndGlobal
